# This file is autogenerated, do not edit; changes may be undone by the next 'dep ensure'.


[[projects]]
  digest = "1:e4b30804a381d7603b8a344009987c1ba351c26043501b23b8c7ce21f0b67474"
  name = "github.com/BurntSushi/toml"
  packages = ["."]
  pruneopts = ""
  revision = "3012a1dbe2e4bd1391d42b32f0577cb7bbc7f005"
  version = "v0.3.1"

[[projects]]
  digest = "1:a2054381754a701fe89d6ad3b14dea851fc9ca764157497d9d96cd8de83f34eb"
  name = "github.com/gobuffalo/buffalo-plugins"
  packages = [
    "plugins",
    "plugins/plugdeps",
  ]
  pruneopts = ""
  revision = "c3663ee8ec19ab5361dfb60cd26388dae0eeff78"
  version = "v1.7.0"

[[projects]]
  digest = "1:0e9c5eca96ba42d07ce99ff78e0e125f479cfdbdd2983d6e5d1ede07f55a42c7"
  name = "github.com/gobuffalo/envy"
  packages = ["."]
  pruneopts = ""
  revision = "b29bf6b8134f3398b9333ba1893c58620152edb0"
  version = "v1.6.9"

[[projects]]
  digest = "1:78546c60a0ce753d065425311c263d152d578d6c499e4051eb831e6ca6cf8882"
  name = "github.com/gobuffalo/events"
  packages = ["."]
  pruneopts = ""
  revision = "737cbff69244d23760f88158381db90594b0c33c"
  version = "v1.1.8"

[[projects]]
  branch = "master"
  digest = "1:0ea939c1f40b3450ef18514a82a1474a22b1e0d208a8b0668e743fe3b5f72a51"
  name = "github.com/gobuffalo/flect"
  packages = [
    ".",
    "name",
  ]
  pruneopts = ""
  revision = "47375f6d832895843594c60e150fc0a2d2ef87df"

[[projects]]
  branch = "master"
  digest = "1:6623fa65b913ce91134ac72a61adf1713bb5b9bab16000eb1553c69a4f674e0e"
  name = "github.com/gobuffalo/genny"
  packages = [
    ".",
    "movinglater/gotools",
    "movinglater/gotools/goimports",
    "movinglater/gotools/gomods",
  ]
  pruneopts = ""
  revision = "e8ff4adce8bbd7b8c776e2708ef620036369632e"

[[projects]]
  branch = "master"
  digest = "1:10e6311b9b5d075d877163ae6f92b1571cd673de0e7d7d807a56c29e2858e6b1"
  name = "github.com/gobuffalo/logger"
  packages = ["."]
  pruneopts = ""
  revision = "8e9b89b7c2640424fb582d00d389a4df9ea83ab8"

[[projects]]
  digest = "1:393b559d395e7ad075eb04fbc52bc2546a25d5ac129f4fccaf56bb133a6c77d3"
  name = "github.com/gobuffalo/mapi"
  packages = ["."]
  pruneopts = ""
  revision = "09ac528b16b7e871fe0f14d4867a07820a30a14b"
  version = "v1.0.1"

[[projects]]
  branch = "master"
  digest = "1:a771ef452f607299ad8bf84b15d5e12b65514a64e4803eb61e6044b7f90152de"
  name = "github.com/gobuffalo/meta"
  packages = ["."]
  pruneopts = ""
  revision = "8850e47774f5faf68478418d9219e2aa9e3cd269"

[[projects]]
  branch = "master"
  digest = "1:0412d1701d8ce957fb9b6203a129c641cf8fc4d93519d56b2867ce189eabddfd"
  name = "github.com/gobuffalo/packd"
  packages = ["."]
  pruneopts = ""
  revision = "311c6248e5fbdcd13b3ce364f00073506d8154e6"

[[projects]]
  digest = "1:7c6107b87064a7958b09ab1f49893777753e4a457658557037c33e8be0036950"
  name = "github.com/gobuffalo/packr"
  packages = [
    "v2",
    "v2/file",
    "v2/file/resolver",
    "v2/file/resolver/encoding/hex",
    "v2/jam/parser",
    "v2/plog",
  ]
  pruneopts = ""
  revision = "ba3c3ae9169fdc7b283f00a4b4c39346e444871c"
  version = "v1.21.5"

[[projects]]
  branch = "master"
  digest = "1:6098f692e043c3ee2612f47f214d169a3bdeb13ee37f946d10353b5e37aa702b"
  name = "github.com/gobuffalo/syncx"
  packages = ["."]
  pruneopts = ""
  revision = "558ac7de985fc4f4057bff27c7bdf99e92fe0750"

[[projects]]
  digest = "1:870d441fe217b8e689d7949fef6e43efbc787e50f200cb1e70dbca9204a1d6be"
  name = "github.com/inconshreveable/mousetrap"
  packages = ["."]
  pruneopts = ""
  revision = "76626ae9c91c4f2a10f34cad8ce83ea42c93bb75"
  version = "v1.0"

[[projects]]
  digest = "1:7df5a9695a743c3e1626b28bb8741602c8c15527e1efaeaec48ab2ff9a23f74c"
  name = "github.com/joho/godotenv"
  packages = ["."]
  pruneopts = ""
  revision = "23d116af351c84513e1946b527c88823e476be13"
  version = "v1.3.0"

[[projects]]
  digest = "1:a12b6f20a7e5eb7412d2e5cd15e1262a021f735fa958d664d9e7ba2160eefd0a"
  name = "github.com/karrick/godirwalk"
  packages = ["."]
  pruneopts = ""
  revision = "2de2192f9e35ce981c152a873ed943b93b79ced4"
  version = "v1.7.5"

[[projects]]
  digest = "1:6a874e3ddfb9db2b42bd8c85b6875407c702fa868eed20634ff489bc896ccfd3"
  name = "github.com/konsorten/go-windows-terminal-sequences"
  packages = ["."]
  pruneopts = ""
  revision = "5c8c8bd35d3832f5d134ae1e1e375b69a4d25242"
  version = "v1.0.1"

[[projects]]
  branch = "master"
  digest = "1:f08b8660572da2de6423395e08fe0ed8baf2b5d141f49696f45b0e2a6afce8ec"
  name = "github.com/markbates/oncer"
  packages = ["."]
  pruneopts = ""
  revision = "05fccaae8fc423476d98fd4c3e4699ba0fbbde48"

[[projects]]
  digest = "1:3f2db5df3a9970a9f0ecab2cbce60f845894ed14f4c6b13859d8d2add7919302"
  name = "github.com/markbates/safe"
  packages = ["."]
  pruneopts = ""
  revision = "6fea05a5732486546a4836b7a1d596c5ec687b98"
  version = "v1.0.1"

[[projects]]
  digest = "1:7365acd48986e205ccb8652cc746f09c8b7876030d53710ea6ef7d0bd0dcd7ca"
  name = "github.com/pkg/errors"
  packages = ["."]
  pruneopts = ""
  revision = "645ef00459ed84a119197bfb8d8205042c6df63d"
  version = "v0.8.0"

[[projects]]
  digest = "1:9d57e200ef5ccc4217fe0a34287308bac652435e7c6513f6263e0493d2245c56"
  name = "github.com/sirupsen/logrus"
  packages = ["."]
  pruneopts = ""
  revision = "bcd833dfe83d3cebad139e4a29ed79cb2318bf95"
  version = "v1.2.0"

[[projects]]
  digest = "1:a1403cc8a94b8d7956ee5e9694badef0e7b051af289caad1cf668331e3ffa4f6"
  name = "github.com/spf13/cobra"
  packages = ["."]
  pruneopts = ""
  revision = "ef82de70bb3f60c65fb8eebacbb2d122ef517385"
  version = "v0.0.3"

[[projects]]
  digest = "1:cbaf13cdbfef0e4734ed8a7504f57fe893d471d62a35b982bf6fb3f036449a66"
  name = "github.com/spf13/pflag"
  packages = ["."]
  pruneopts = ""
  revision = "298182f68c66c05229eb03ac171abe6e309ee79a"
  version = "v1.0.3"

[[projects]]
  digest = "1:9ac7b403085a29c194a586b2a02b8b00a944e252272e76342d5435e3e1aa8f9b"
  name = "github.com/tidwall/gjson"
  packages = ["."]
  pruneopts = ""
  revision = "01f00f129617a6fe98941fb920d6c760241b54d2"
  version = "v1.1.0"

[[projects]]
  branch = "master"
  digest = "1:4db4f92bb9cb04cfc4fccb36aba2598b02a988008c4cc0692b241214ad8ac96e"
  name = "github.com/tidwall/match"
  packages = ["."]
  pruneopts = ""
  revision = "1731857f09b1f38450e2c12409748407822dc6be"

[[projects]]
  branch = "master"
  digest = "1:e6338f2518362ff701a556bd76afd90a2168d1c658ec5d1ea1e9c5ef30a7d157"
  name = "github.com/xeipuuv/gojsonpointer"
  packages = ["."]
  pruneopts = ""
  revision = "4e3ac2762d5f479393488629ee9370b50873b3a6"

[[projects]]
  branch = "master"
  digest = "1:604f98a38394d2805a78c462396a4992b93fdd5b7306130add330f1a99ac6b0a"
  name = "github.com/xeipuuv/gojsonreference"
  packages = ["."]
  pruneopts = ""
  revision = "bd5ef7bd5415a7ac448318e64f11a24cd21e594b"

[[projects]]
  branch = "master"
  digest = "1:1f577c872c70359a46504e37a941877a8f6523d2d484941cc8c4d3d78709cfd9"
  name = "github.com/xeipuuv/gojsonschema"
  packages = ["."]
  pruneopts = ""
  revision = "8bcffc811467a5f691810420385be6e66b35a317"

[[projects]]
  branch = "master"
  digest = "1:f7be435e0ca22e2cd62b2d2542081a231685837170a87a3662abb7cdf9f3f1cd"
  name = "golang.org/x/crypto"
  packages = ["ssh/terminal"]
  pruneopts = ""
  revision = "3d3f9f413869b949e48070b5bc593aa22cc2b8f2"

[[projects]]
  branch = "master"
  digest = "1:303c0ee48d6229a2423950f41b3ccb5a2067dc4c7b65f8863cfbd962bef05a85"
  name = "golang.org/x/sys"
  packages = [
    "unix",
    "windows",
  ]
  pruneopts = ""
  revision = "62eef0e2fa9b2c385f7b2778e763486da6880d37"

[[projects]]
  branch = "master"
  digest = "1:909ed48a4527cd02d6875138ac8d5ed128b2526f2767d0f7bcbf78791445167f"
  name = "golang.org/x/tools"
  packages = [
    "go/ast/astutil",
    "imports",
    "internal/fastwalk",
    "internal/gopathwalk",
  ]
  pruneopts = ""
  revision = "04b5d21e00f1f47bd824a6ade581e7189bacde87"

[solve-meta]
  analyzer-name = "dep"
  analyzer-version = 1
  input-imports = [
    "github.com/gobuffalo/packd",
    "github.com/gobuffalo/packr/v2",
    "github.com/tidwall/gjson",
    "github.com/xeipuuv/gojsonschema",
  ]
  solver-name = "gps-cdcl"
  solver-version = 1
